
Microsoft Visual Studio Solution File, Format Version 12.00
Project("{FAE04EC0-301F-11D3-BF4B-00C04F79EFBC}") = "Katas.Solutions", "Katas.Solutions\Katas.Solutions.csproj", "{A602EB3C-6810-411F-8371-4CB448FF212B}"
EndProject
Global
	GlobalSection(SolutionConfigurationPlatforms) = preSolution
		Debug|Any CPU = Debug|Any CPU
		Release|Any CPU = Release|Any CPU
	EndGlobalSection
	GlobalSection(ProjectConfigurationPlatforms) = postSolution
		{A602EB3C-6810-411F-8371-4CB448FF212B}.Debug|Any CPU.ActiveCfg = Debug|Any CPU
		{A602EB3C-6810-411F-8371-4CB448FF212B}.Debug|Any CPU.Build.0 = Debug|Any CPU
		{A602EB3C-6810-411F-8371-4CB448FF212B}.Release|Any CPU.ActiveCfg = Release|Any CPU
		{A602EB3C-6810-411F-8371-4CB448FF212B}.Release|Any CPU.Build.0 = Release|Any CPU
	EndGlobalSection
EndGlobal
